
Microsoft Visual Studio Solution File, Format Version 12.00
# Visual Studio Version 17
VisualStudioVersion = 17.0.31903.59
MinimumVisualStudioVersion = 10.0.40219.1
Project("{FAE04EC0-301F-11D3-BF4B-00C04F79EFBC}") = "SensorApi", "SensorApi\SensorApi.csproj", "{C1BCCABE-5B26-454B-9CE5-D9BB0D9E12D7}"
EndProject
Project("{FAE04EC0-301F-11D3-BF4B-00C04F79EFBC}") = "SensorApi.Tests", "SensorApi.Tests\SensorApi.Tests.csproj", "{2A4790EB-E2DF-42AE-989B-B773284BEA57}"
EndProject
Project("{FAE04EC0-301F-11D3-BF4B-00C04F79EFBC}") = "SensorClients", "SensorClients\SensorClients.csproj", "{5848BF50-71DD-4843-B919-E77E228A816C}"
EndProject
Global
	GlobalSection(SolutionConfigurationPlatforms) = preSolution
		Debug|Any CPU = Debug|Any CPU
		Release|Any CPU = Release|Any CPU
	EndGlobalSection
	GlobalSection(SolutionProperties) = preSolution
		HideSolutionNode = FALSE
	EndGlobalSection
	GlobalSection(ProjectConfigurationPlatforms) = postSolution
		{C1BCCABE-5B26-454B-9CE5-D9BB0D9E12D7}.Debug|Any CPU.ActiveCfg = Debug|Any CPU
		{C1BCCABE-5B26-454B-9CE5-D9BB0D9E12D7}.Debug|Any CPU.Build.0 = Debug|Any CPU
		{C1BCCABE-5B26-454B-9CE5-D9BB0D9E12D7}.Release|Any CPU.ActiveCfg = Release|Any CPU
		{C1BCCABE-5B26-454B-9CE5-D9BB0D9E12D7}.Release|Any CPU.Build.0 = Release|Any CPU
		{2A4790EB-E2DF-42AE-989B-B773284BEA57}.Debug|Any CPU.ActiveCfg = Debug|Any CPU
		{2A4790EB-E2DF-42AE-989B-B773284BEA57}.Debug|Any CPU.Build.0 = Debug|Any CPU
		{2A4790EB-E2DF-42AE-989B-B773284BEA57}.Release|Any CPU.ActiveCfg = Release|Any CPU
		{2A4790EB-E2DF-42AE-989B-B773284BEA57}.Release|Any CPU.Build.0 = Release|Any CPU
		{5848BF50-71DD-4843-B919-E77E228A816C}.Debug|Any CPU.ActiveCfg = Debug|Any CPU
		{5848BF50-71DD-4843-B919-E77E228A816C}.Debug|Any CPU.Build.0 = Debug|Any CPU
		{5848BF50-71DD-4843-B919-E77E228A816C}.Release|Any CPU.ActiveCfg = Release|Any CPU
		{5848BF50-71DD-4843-B919-E77E228A816C}.Release|Any CPU.Build.0 = Release|Any CPU
	EndGlobalSection
EndGlobal
